
Microsoft Visual Studio Solution File, Format Version 12.00
# Visual Studio Version 16
VisualStudioVersion = 16.0.32106.194
MinimumVisualStudioVersion = 10.0.40219.1
Project("{FAE04EC0-301F-11D3-BF4B-00C04F79EFBC}") = "Constructors", "Constructors\Constructors.csproj", "{347D2C07-43E6-48A8-B21F-12AF95AFB389}"
EndProject
Global
	GlobalSection(SolutionConfigurationPlatforms) = preSolution
		Debug|Any CPU = Debug|Any CPU
		Release|Any CPU = Release|Any CPU
	EndGlobalSection
	GlobalSection(ProjectConfigurationPlatforms) = postSolution
		{347D2C07-43E6-48A8-B21F-12AF95AFB389}.Debug|Any CPU.ActiveCfg = Debug|Any CPU
		{347D2C07-43E6-48A8-B21F-12AF95AFB389}.Debug|Any CPU.Build.0 = Debug|Any CPU
		{347D2C07-43E6-48A8-B21F-12AF95AFB389}.Release|Any CPU.ActiveCfg = Release|Any CPU
		{347D2C07-43E6-48A8-B21F-12AF95AFB389}.Release|Any CPU.Build.0 = Release|Any CPU
	EndGlobalSection
	GlobalSection(SolutionProperties) = preSolution
		HideSolutionNode = FALSE
	EndGlobalSection
	GlobalSection(ExtensibilityGlobals) = postSolution
		SolutionGuid = {0D051559-CE44-4232-992A-FF847C822E61}
	EndGlobalSection
EndGlobal
