
Microsoft Visual Studio Solution File, Format Version 12.00
# Visual Studio Version 16
VisualStudioVersion = 16.0.31515.178
MinimumVisualStudioVersion = 10.0.40219.1
Project("{FAE04EC0-301F-11D3-BF4B-00C04F79EFBC}") = "Operators", "Operators\Operators.csproj", "{628A748D-A61A-4778-8CAC-84767351F55E}"
EndProject
Global
	GlobalSection(SolutionConfigurationPlatforms) = preSolution
		Debug|Any CPU = Debug|Any CPU
		Release|Any CPU = Release|Any CPU
	EndGlobalSection
	GlobalSection(ProjectConfigurationPlatforms) = postSolution
		{628A748D-A61A-4778-8CAC-84767351F55E}.Debug|Any CPU.ActiveCfg = Debug|Any CPU
		{628A748D-A61A-4778-8CAC-84767351F55E}.Debug|Any CPU.Build.0 = Debug|Any CPU
		{628A748D-A61A-4778-8CAC-84767351F55E}.Release|Any CPU.ActiveCfg = Release|Any CPU
		{628A748D-A61A-4778-8CAC-84767351F55E}.Release|Any CPU.Build.0 = Release|Any CPU
	EndGlobalSection
	GlobalSection(SolutionProperties) = preSolution
		HideSolutionNode = FALSE
	EndGlobalSection
	GlobalSection(ExtensibilityGlobals) = postSolution
		SolutionGuid = {3FE74960-2758-4E2F-A472-E825C8C930DD}
	EndGlobalSection
EndGlobal
