
Microsoft Visual Studio Solution File, Format Version 12.00
# Visual Studio Version 16
VisualStudioVersion = 16.0.31515.178
MinimumVisualStudioVersion = 10.0.40219.1
Project("{FAE04EC0-301F-11D3-BF4B-00C04F79EFBC}") = "Conversions", "Conversions\Conversions.csproj", "{484193FC-CA46-4737-B970-AC18D6AAF18B}"
EndProject
Global
	GlobalSection(SolutionConfigurationPlatforms) = preSolution
		Debug|Any CPU = Debug|Any CPU
		Release|Any CPU = Release|Any CPU
	EndGlobalSection
	GlobalSection(ProjectConfigurationPlatforms) = postSolution
		{484193FC-CA46-4737-B970-AC18D6AAF18B}.Debug|Any CPU.ActiveCfg = Debug|Any CPU
		{484193FC-CA46-4737-B970-AC18D6AAF18B}.Debug|Any CPU.Build.0 = Debug|Any CPU
		{484193FC-CA46-4737-B970-AC18D6AAF18B}.Release|Any CPU.ActiveCfg = Release|Any CPU
		{484193FC-CA46-4737-B970-AC18D6AAF18B}.Release|Any CPU.Build.0 = Release|Any CPU
	EndGlobalSection
	GlobalSection(SolutionProperties) = preSolution
		HideSolutionNode = FALSE
	EndGlobalSection
	GlobalSection(ExtensibilityGlobals) = postSolution
		SolutionGuid = {D43BA18D-AEB7-4557-B253-8F70F83A93D0}
	EndGlobalSection
EndGlobal
