
Microsoft Visual Studio Solution File, Format Version 12.00
# Visual Studio Version 16
VisualStudioVersion = 16.0.32106.194
MinimumVisualStudioVersion = 10.0.40219.1
Project("{FAE04EC0-301F-11D3-BF4B-00C04F79EFBC}") = "WhileLoop", "WhileLoop\WhileLoop.csproj", "{2F1F361E-5CC6-4B9A-80A4-800428DFFB99}"
EndProject
Global
	GlobalSection(SolutionConfigurationPlatforms) = preSolution
		Debug|Any CPU = Debug|Any CPU
		Release|Any CPU = Release|Any CPU
	EndGlobalSection
	GlobalSection(ProjectConfigurationPlatforms) = postSolution
		{2F1F361E-5CC6-4B9A-80A4-800428DFFB99}.Debug|Any CPU.ActiveCfg = Debug|Any CPU
		{2F1F361E-5CC6-4B9A-80A4-800428DFFB99}.Debug|Any CPU.Build.0 = Debug|Any CPU
		{2F1F361E-5CC6-4B9A-80A4-800428DFFB99}.Release|Any CPU.ActiveCfg = Release|Any CPU
		{2F1F361E-5CC6-4B9A-80A4-800428DFFB99}.Release|Any CPU.Build.0 = Release|Any CPU
	EndGlobalSection
	GlobalSection(SolutionProperties) = preSolution
		HideSolutionNode = FALSE
	EndGlobalSection
	GlobalSection(ExtensibilityGlobals) = postSolution
		SolutionGuid = {22BE5836-785A-4FA1-B99C-3E7B965E650E}
	EndGlobalSection
EndGlobal
