
Microsoft Visual Studio Solution File, Format Version 12.00
# Visual Studio Version 16
VisualStudioVersion = 16.0.31515.178
MinimumVisualStudioVersion = 10.0.40219.1
Project("{FAE04EC0-301F-11D3-BF4B-00C04F79EFBC}") = "MethodsWithParams", "MethodsWithParams\MethodsWithParams.csproj", "{0CA71198-4328-47E4-8527-58A46C1207F3}"
EndProject
Global
	GlobalSection(SolutionConfigurationPlatforms) = preSolution
		Debug|Any CPU = Debug|Any CPU
		Release|Any CPU = Release|Any CPU
	EndGlobalSection
	GlobalSection(ProjectConfigurationPlatforms) = postSolution
		{0CA71198-4328-47E4-8527-58A46C1207F3}.Debug|Any CPU.ActiveCfg = Debug|Any CPU
		{0CA71198-4328-47E4-8527-58A46C1207F3}.Debug|Any CPU.Build.0 = Debug|Any CPU
		{0CA71198-4328-47E4-8527-58A46C1207F3}.Release|Any CPU.ActiveCfg = Release|Any CPU
		{0CA71198-4328-47E4-8527-58A46C1207F3}.Release|Any CPU.Build.0 = Release|Any CPU
	EndGlobalSection
	GlobalSection(SolutionProperties) = preSolution
		HideSolutionNode = FALSE
	EndGlobalSection
	GlobalSection(ExtensibilityGlobals) = postSolution
		SolutionGuid = {23532C43-AA40-4DD9-A3B7-4BAC75913337}
	EndGlobalSection
EndGlobal
