
Microsoft Visual Studio Solution File, Format Version 12.00
# Visual Studio Version 16
VisualStudioVersion = 16.0.31515.178
MinimumVisualStudioVersion = 10.0.40219.1
Project("{FAE04EC0-301F-11D3-BF4B-00C04F79EFBC}") = "TernaryOperator", "TernaryOperator\TernaryOperator.csproj", "{914DD300-7857-493F-B588-5DB9F5D1E817}"
EndProject
Global
	GlobalSection(SolutionConfigurationPlatforms) = preSolution
		Debug|Any CPU = Debug|Any CPU
		Release|Any CPU = Release|Any CPU
	EndGlobalSection
	GlobalSection(ProjectConfigurationPlatforms) = postSolution
		{914DD300-7857-493F-B588-5DB9F5D1E817}.Debug|Any CPU.ActiveCfg = Debug|Any CPU
		{914DD300-7857-493F-B588-5DB9F5D1E817}.Debug|Any CPU.Build.0 = Debug|Any CPU
		{914DD300-7857-493F-B588-5DB9F5D1E817}.Release|Any CPU.ActiveCfg = Release|Any CPU
		{914DD300-7857-493F-B588-5DB9F5D1E817}.Release|Any CPU.Build.0 = Release|Any CPU
	EndGlobalSection
	GlobalSection(SolutionProperties) = preSolution
		HideSolutionNode = FALSE
	EndGlobalSection
	GlobalSection(ExtensibilityGlobals) = postSolution
		SolutionGuid = {4568DF9B-42C3-491A-9AFE-239B4165BE04}
	EndGlobalSection
EndGlobal
