
Microsoft Visual Studio Solution File, Format Version 12.00
# Visual Studio Version 16
VisualStudioVersion = 16.0.31515.178
MinimumVisualStudioVersion = 10.0.40219.1
Project("{FAE04EC0-301F-11D3-BF4B-00C04F79EFBC}") = "NestedIf", "NestedIf\NestedIf.csproj", "{EC589FA3-C8F7-4954-A77E-14AFAB55DFAB}"
EndProject
Global
	GlobalSection(SolutionConfigurationPlatforms) = preSolution
		Debug|Any CPU = Debug|Any CPU
		Release|Any CPU = Release|Any CPU
	EndGlobalSection
	GlobalSection(ProjectConfigurationPlatforms) = postSolution
		{EC589FA3-C8F7-4954-A77E-14AFAB55DFAB}.Debug|Any CPU.ActiveCfg = Debug|Any CPU
		{EC589FA3-C8F7-4954-A77E-14AFAB55DFAB}.Debug|Any CPU.Build.0 = Debug|Any CPU
		{EC589FA3-C8F7-4954-A77E-14AFAB55DFAB}.Release|Any CPU.ActiveCfg = Release|Any CPU
		{EC589FA3-C8F7-4954-A77E-14AFAB55DFAB}.Release|Any CPU.Build.0 = Release|Any CPU
	EndGlobalSection
	GlobalSection(SolutionProperties) = preSolution
		HideSolutionNode = FALSE
	EndGlobalSection
	GlobalSection(ExtensibilityGlobals) = postSolution
		SolutionGuid = {AC16F2B8-7010-4D97-997D-2802EC560307}
	EndGlobalSection
EndGlobal
